
Microsoft Visual Studio Solution File, Format Version 12.00
# Visual Studio 2013
VisualStudioVersion = 12.0.30723.0
MinimumVisualStudioVersion = 10.0.40219.1
Project("{FAE04EC0-301F-11D3-BF4B-00C04F79EFBC}") = "D3 API by ZTn", "D3 API by ZTn\D3 API by ZTn.csproj", "{A62CFAEA-60E1-4586-B306-7D606E6AA4D2}"
EndProject
Project("{FAE04EC0-301F-11D3-BF4B-00C04F79EFBC}") = "BNet API by ZTn", "BNet API by ZTn\BNet API by ZTn.csproj", "{865B78CA-5EE6-4580-A5DE-E74F0303F70B}"
EndProject
Project("{2150E333-8FDC-42A3-9474-1A3956D46DE8}") = ".nuget", ".nuget", "{A85E18A1-0ECB-42E8-8ADB-D97B6E64B19F}"
	ProjectSection(SolutionItems) = preProject
		.nuget\NuGet.Config = .nuget\NuGet.Config
		.nuget\NuGet.exe = .nuget\NuGet.exe
		.nuget\NuGet.targets = .nuget\NuGet.targets
	EndProjectSection
EndProject
Project("{FAE04EC0-301F-11D3-BF4B-00C04F79EFBC}") = "D3ConsoleClient", "D3ConsoleClient\D3ConsoleClient.csproj", "{6F197B12-1D13-489C-9EF1-DE518F72595F}"
EndProject
Project("{FAE04EC0-301F-11D3-BF4B-00C04F79EFBC}") = "Application.Data", "Application.Data\Application.Data.csproj", "{34A98DC2-6C41-4587-B837-C7B489C0D522}"
EndProject
Project("{FAE04EC0-301F-11D3-BF4B-00C04F79EFBC}") = "Application.Models", "Application.Models\Application.Models.csproj", "{80B98E7B-9EE3-42D6-8226-81F4EC5DF461}"
EndProject
Project("{FAE04EC0-301F-11D3-BF4B-00C04F79EFBC}") = "Application.Web", "Application.Web\Application.Web.csproj", "{A184438D-3D1A-448D-9A8C-CFB7013A1995}"
EndProject
Global
	GlobalSection(SolutionConfigurationPlatforms) = preSolution
		Debug|Any CPU = Debug|Any CPU
		Release|Any CPU = Release|Any CPU
	EndGlobalSection
	GlobalSection(ProjectConfigurationPlatforms) = postSolution
		{A62CFAEA-60E1-4586-B306-7D606E6AA4D2}.Debug|Any CPU.ActiveCfg = Debug|Any CPU
		{A62CFAEA-60E1-4586-B306-7D606E6AA4D2}.Debug|Any CPU.Build.0 = Debug|Any CPU
		{A62CFAEA-60E1-4586-B306-7D606E6AA4D2}.Release|Any CPU.ActiveCfg = Release|Any CPU
		{A62CFAEA-60E1-4586-B306-7D606E6AA4D2}.Release|Any CPU.Build.0 = Release|Any CPU
		{865B78CA-5EE6-4580-A5DE-E74F0303F70B}.Debug|Any CPU.ActiveCfg = Debug|Any CPU
		{865B78CA-5EE6-4580-A5DE-E74F0303F70B}.Debug|Any CPU.Build.0 = Debug|Any CPU
		{865B78CA-5EE6-4580-A5DE-E74F0303F70B}.Release|Any CPU.ActiveCfg = Release|Any CPU
		{865B78CA-5EE6-4580-A5DE-E74F0303F70B}.Release|Any CPU.Build.0 = Release|Any CPU
		{6F197B12-1D13-489C-9EF1-DE518F72595F}.Debug|Any CPU.ActiveCfg = Debug|Any CPU
		{6F197B12-1D13-489C-9EF1-DE518F72595F}.Debug|Any CPU.Build.0 = Debug|Any CPU
		{6F197B12-1D13-489C-9EF1-DE518F72595F}.Release|Any CPU.ActiveCfg = Release|Any CPU
		{6F197B12-1D13-489C-9EF1-DE518F72595F}.Release|Any CPU.Build.0 = Release|Any CPU
		{34A98DC2-6C41-4587-B837-C7B489C0D522}.Debug|Any CPU.ActiveCfg = Debug|Any CPU
		{34A98DC2-6C41-4587-B837-C7B489C0D522}.Debug|Any CPU.Build.0 = Debug|Any CPU
		{34A98DC2-6C41-4587-B837-C7B489C0D522}.Release|Any CPU.ActiveCfg = Release|Any CPU
		{34A98DC2-6C41-4587-B837-C7B489C0D522}.Release|Any CPU.Build.0 = Release|Any CPU
		{80B98E7B-9EE3-42D6-8226-81F4EC5DF461}.Debug|Any CPU.ActiveCfg = Debug|Any CPU
		{80B98E7B-9EE3-42D6-8226-81F4EC5DF461}.Debug|Any CPU.Build.0 = Debug|Any CPU
		{80B98E7B-9EE3-42D6-8226-81F4EC5DF461}.Release|Any CPU.ActiveCfg = Release|Any CPU
		{80B98E7B-9EE3-42D6-8226-81F4EC5DF461}.Release|Any CPU.Build.0 = Release|Any CPU
		{A184438D-3D1A-448D-9A8C-CFB7013A1995}.Debug|Any CPU.ActiveCfg = Debug|Any CPU
		{A184438D-3D1A-448D-9A8C-CFB7013A1995}.Debug|Any CPU.Build.0 = Debug|Any CPU
		{A184438D-3D1A-448D-9A8C-CFB7013A1995}.Release|Any CPU.ActiveCfg = Release|Any CPU
		{A184438D-3D1A-448D-9A8C-CFB7013A1995}.Release|Any CPU.Build.0 = Release|Any CPU
	EndGlobalSection
	GlobalSection(SolutionProperties) = preSolution
		HideSolutionNode = FALSE
	EndGlobalSection
EndGlobal
