
Microsoft Visual Studio Solution File, Format Version 12.00
# Visual Studio 2013
VisualStudioVersion = 12.0.30723.0
MinimumVisualStudioVersion = 10.0.40219.1
Project("{FAE04EC0-301F-11D3-BF4B-00C04F79EFBC}") = "d3bgladders.Web", "d3bgladders.Web\d3bgladders.Web.csproj", "{AAFA014F-0937-4B82-9FA2-E295C50BC5CB}"
EndProject
Global
	GlobalSection(SolutionConfigurationPlatforms) = preSolution
		Debug|Any CPU = Debug|Any CPU
		Release|Any CPU = Release|Any CPU
	EndGlobalSection
	GlobalSection(ProjectConfigurationPlatforms) = postSolution
		{AAFA014F-0937-4B82-9FA2-E295C50BC5CB}.Debug|Any CPU.ActiveCfg = Debug|Any CPU
		{AAFA014F-0937-4B82-9FA2-E295C50BC5CB}.Debug|Any CPU.Build.0 = Debug|Any CPU
		{AAFA014F-0937-4B82-9FA2-E295C50BC5CB}.Release|Any CPU.ActiveCfg = Release|Any CPU
		{AAFA014F-0937-4B82-9FA2-E295C50BC5CB}.Release|Any CPU.Build.0 = Release|Any CPU
	EndGlobalSection
	GlobalSection(SolutionProperties) = preSolution
		HideSolutionNode = FALSE
	EndGlobalSection
EndGlobal
